
Microsoft Visual Studio Solution File, Format Version 12.00
# Visual Studio Version 17
VisualStudioVersion = 17.0.31903.59
MinimumVisualStudioVersion = 10.0.40219.1
Project("{2150E333-8FDC-42A3-9474-1A3956D46DE8}") = "src", "src", "{C3B36990-A9B0-40A2-AA67-86D772043C22}"
EndProject
Project("{2150E333-8FDC-42A3-9474-1A3956D46DE8}") = "Shared", "Shared", "{CFE9530C-5C34-4473-83C7-DB8E911CA852}"
EndProject
Project("{FAE04EC0-301F-11D3-BF4B-00C04F79EFBC}") = "ERP.Shared.Contracts", "src\Shared\ERP.Shared.Contracts\ERP.Shared.Contracts.csproj", "{5B2D72C9-A6D5-4516-BEEB-647DA9A28A55}"
EndProject
Project("{FAE04EC0-301F-11D3-BF4B-00C04F79EFBC}") = "ERP.Shared.MessageBus", "src\Shared\ERP.Shared.MessageBus\ERP.Shared.MessageBus.csproj", "{40A13B9E-8E83-42D2-AE02-C1CF305F4869}"
EndProject
Project("{2150E333-8FDC-42A3-9474-1A3956D46DE8}") = "ApiGateway", "ApiGateway", "{A22057D3-E226-4F7A-97AF-16FFF47C1DDF}"
EndProject
Project("{FAE04EC0-301F-11D3-BF4B-00C04F79EFBC}") = "ApiGateway", "src\ApiGateway\ApiGateway\ApiGateway.csproj", "{5E7087F1-FAFE-4B9C-87A1-BE2F994C64AA}"
EndProject
Project("{2150E333-8FDC-42A3-9474-1A3956D46DE8}") = "Services", "Services", "{BF7ED794-C9FA-4BA0-B390-07F6363B6ACB}"
EndProject
Project("{2150E333-8FDC-42A3-9474-1A3956D46DE8}") = "Identity", "Identity", "{340D2DDC-8B87-49FA-9543-7010D75C64F6}"
EndProject
Project("{FAE04EC0-301F-11D3-BF4B-00C04F79EFBC}") = "Identity.Domain", "src\Services\Identity\Identity.Domain\Identity.Domain.csproj", "{F846F61A-EA50-4277-98D7-55ADF5D8BE85}"
EndProject
Project("{FAE04EC0-301F-11D3-BF4B-00C04F79EFBC}") = "Identity.Application", "src\Services\Identity\Identity.Application\Identity.Application.csproj", "{46B5E419-6197-42FF-B3CA-26FFC909742A}"
EndProject
Project("{FAE04EC0-301F-11D3-BF4B-00C04F79EFBC}") = "Identity.Infrastructure", "src\Services\Identity\Identity.Infrastructure\Identity.Infrastructure.csproj", "{4CA8932C-3841-4CDF-B5DB-B5090B1F5DD2}"
EndProject
Project("{FAE04EC0-301F-11D3-BF4B-00C04F79EFBC}") = "Identity.API", "src\Services\Identity\Identity.API\Identity.API.csproj", "{85F40DC8-6883-4AD3-845A-E6E56ACAE822}"
EndProject
Project("{2150E333-8FDC-42A3-9474-1A3956D46DE8}") = "Inventory", "Inventory", "{134242E1-48DD-4045-83FA-4E002023C880}"
EndProject
Project("{FAE04EC0-301F-11D3-BF4B-00C04F79EFBC}") = "Inventory.Domain", "src\Services\Inventory\Inventory.Domain\Inventory.Domain.csproj", "{C7E85460-C174-4B21-B565-A09A12EE851D}"
EndProject
Project("{FAE04EC0-301F-11D3-BF4B-00C04F79EFBC}") = "Inventory.Application", "src\Services\Inventory\Inventory.Application\Inventory.Application.csproj", "{62175BC3-C900-42BB-84B0-2F3987B6DFA7}"
EndProject
Project("{FAE04EC0-301F-11D3-BF4B-00C04F79EFBC}") = "Inventory.Infrastructure", "src\Services\Inventory\Inventory.Infrastructure\Inventory.Infrastructure.csproj", "{D7E7ACF1-A325-4D71-9586-5F60E7103BA8}"
EndProject
Project("{FAE04EC0-301F-11D3-BF4B-00C04F79EFBC}") = "Inventory.API", "src\Services\Inventory\Inventory.API\Inventory.API.csproj", "{3359917E-2F32-4335-A75B-CBCFE71CD3CE}"
EndProject
Project("{2150E333-8FDC-42A3-9474-1A3956D46DE8}") = "Sales", "Sales", "{68074F9E-46AE-407B-821B-032F3B18265F}"
EndProject
Project("{FAE04EC0-301F-11D3-BF4B-00C04F79EFBC}") = "Sales.Domain", "src\Services\Sales\Sales.Domain\Sales.Domain.csproj", "{07E882A2-A94C-4A7D-A8E9-23719E54D696}"
EndProject
Project("{FAE04EC0-301F-11D3-BF4B-00C04F79EFBC}") = "Sales.Application", "src\Services\Sales\Sales.Application\Sales.Application.csproj", "{054F1B7B-91AE-4C3E-B05A-367C8C4AE2D1}"
EndProject
Project("{FAE04EC0-301F-11D3-BF4B-00C04F79EFBC}") = "Sales.Infrastructure", "src\Services\Sales\Sales.Infrastructure\Sales.Infrastructure.csproj", "{47B1340B-3E24-480D-A481-3ED7752A6181}"
EndProject
Project("{FAE04EC0-301F-11D3-BF4B-00C04F79EFBC}") = "Sales.API", "src\Services\Sales\Sales.API\Sales.API.csproj", "{DFE31BF0-B6F5-448A-A4F2-868AC89FB31B}"
EndProject
Project("{2150E333-8FDC-42A3-9474-1A3956D46DE8}") = "Purchasing", "Purchasing", "{2FA3451D-70D3-4728-B5C7-D7F841AAE82F}"
EndProject
Project("{FAE04EC0-301F-11D3-BF4B-00C04F79EFBC}") = "Purchasing.Domain", "src\Services\Purchasing\Purchasing.Domain\Purchasing.Domain.csproj", "{39BC8666-AC29-452B-8645-610790C273C7}"
EndProject
Project("{FAE04EC0-301F-11D3-BF4B-00C04F79EFBC}") = "Purchasing.Application", "src\Services\Purchasing\Purchasing.Application\Purchasing.Application.csproj", "{EE61B867-CE16-4391-9170-1F264B4825AD}"
EndProject
Project("{FAE04EC0-301F-11D3-BF4B-00C04F79EFBC}") = "Purchasing.Infrastructure", "src\Services\Purchasing\Purchasing.Infrastructure\Purchasing.Infrastructure.csproj", "{E9B20E65-EED5-4509-B1F7-3545EC0F433B}"
EndProject
Project("{FAE04EC0-301F-11D3-BF4B-00C04F79EFBC}") = "Purchasing.API", "src\Services\Purchasing\Purchasing.API\Purchasing.API.csproj", "{8F23A2D1-D807-43DE-8923-498A80EE0963}"
EndProject
Global
	GlobalSection(SolutionConfigurationPlatforms) = preSolution
		Debug|Any CPU = Debug|Any CPU
		Release|Any CPU = Release|Any CPU
	EndGlobalSection
	GlobalSection(SolutionProperties) = preSolution
		HideSolutionNode = FALSE
	EndGlobalSection
	GlobalSection(ProjectConfigurationPlatforms) = postSolution
		{5B2D72C9-A6D5-4516-BEEB-647DA9A28A55}.Debug|Any CPU.ActiveCfg = Debug|Any CPU
		{5B2D72C9-A6D5-4516-BEEB-647DA9A28A55}.Debug|Any CPU.Build.0 = Debug|Any CPU
		{5B2D72C9-A6D5-4516-BEEB-647DA9A28A55}.Release|Any CPU.ActiveCfg = Release|Any CPU
		{5B2D72C9-A6D5-4516-BEEB-647DA9A28A55}.Release|Any CPU.Build.0 = Release|Any CPU
		{40A13B9E-8E83-42D2-AE02-C1CF305F4869}.Debug|Any CPU.ActiveCfg = Debug|Any CPU
		{40A13B9E-8E83-42D2-AE02-C1CF305F4869}.Debug|Any CPU.Build.0 = Debug|Any CPU
		{40A13B9E-8E83-42D2-AE02-C1CF305F4869}.Release|Any CPU.ActiveCfg = Release|Any CPU
		{40A13B9E-8E83-42D2-AE02-C1CF305F4869}.Release|Any CPU.Build.0 = Release|Any CPU
		{5E7087F1-FAFE-4B9C-87A1-BE2F994C64AA}.Debug|Any CPU.ActiveCfg = Debug|Any CPU
		{5E7087F1-FAFE-4B9C-87A1-BE2F994C64AA}.Debug|Any CPU.Build.0 = Debug|Any CPU
		{5E7087F1-FAFE-4B9C-87A1-BE2F994C64AA}.Release|Any CPU.ActiveCfg = Release|Any CPU
		{5E7087F1-FAFE-4B9C-87A1-BE2F994C64AA}.Release|Any CPU.Build.0 = Release|Any CPU
		{F846F61A-EA50-4277-98D7-55ADF5D8BE85}.Debug|Any CPU.ActiveCfg = Debug|Any CPU
		{F846F61A-EA50-4277-98D7-55ADF5D8BE85}.Debug|Any CPU.Build.0 = Debug|Any CPU
		{F846F61A-EA50-4277-98D7-55ADF5D8BE85}.Release|Any CPU.ActiveCfg = Release|Any CPU
		{F846F61A-EA50-4277-98D7-55ADF5D8BE85}.Release|Any CPU.Build.0 = Release|Any CPU
		{46B5E419-6197-42FF-B3CA-26FFC909742A}.Debug|Any CPU.ActiveCfg = Debug|Any CPU
		{46B5E419-6197-42FF-B3CA-26FFC909742A}.Debug|Any CPU.Build.0 = Debug|Any CPU
		{46B5E419-6197-42FF-B3CA-26FFC909742A}.Release|Any CPU.ActiveCfg = Release|Any CPU
		{46B5E419-6197-42FF-B3CA-26FFC909742A}.Release|Any CPU.Build.0 = Release|Any CPU
		{4CA8932C-3841-4CDF-B5DB-B5090B1F5DD2}.Debug|Any CPU.ActiveCfg = Debug|Any CPU
		{4CA8932C-3841-4CDF-B5DB-B5090B1F5DD2}.Debug|Any CPU.Build.0 = Debug|Any CPU
		{4CA8932C-3841-4CDF-B5DB-B5090B1F5DD2}.Release|Any CPU.ActiveCfg = Release|Any CPU
		{4CA8932C-3841-4CDF-B5DB-B5090B1F5DD2}.Release|Any CPU.Build.0 = Release|Any CPU
		{85F40DC8-6883-4AD3-845A-E6E56ACAE822}.Debug|Any CPU.ActiveCfg = Debug|Any CPU
		{85F40DC8-6883-4AD3-845A-E6E56ACAE822}.Debug|Any CPU.Build.0 = Debug|Any CPU
		{85F40DC8-6883-4AD3-845A-E6E56ACAE822}.Release|Any CPU.ActiveCfg = Release|Any CPU
		{85F40DC8-6883-4AD3-845A-E6E56ACAE822}.Release|Any CPU.Build.0 = Release|Any CPU
		{C7E85460-C174-4B21-B565-A09A12EE851D}.Debug|Any CPU.ActiveCfg = Debug|Any CPU
		{C7E85460-C174-4B21-B565-A09A12EE851D}.Debug|Any CPU.Build.0 = Debug|Any CPU
		{C7E85460-C174-4B21-B565-A09A12EE851D}.Release|Any CPU.ActiveCfg = Release|Any CPU
		{C7E85460-C174-4B21-B565-A09A12EE851D}.Release|Any CPU.Build.0 = Release|Any CPU
		{62175BC3-C900-42BB-84B0-2F3987B6DFA7}.Debug|Any CPU.ActiveCfg = Debug|Any CPU
		{62175BC3-C900-42BB-84B0-2F3987B6DFA7}.Debug|Any CPU.Build.0 = Debug|Any CPU
		{62175BC3-C900-42BB-84B0-2F3987B6DFA7}.Release|Any CPU.ActiveCfg = Release|Any CPU
		{62175BC3-C900-42BB-84B0-2F3987B6DFA7}.Release|Any CPU.Build.0 = Release|Any CPU
		{D7E7ACF1-A325-4D71-9586-5F60E7103BA8}.Debug|Any CPU.ActiveCfg = Debug|Any CPU
		{D7E7ACF1-A325-4D71-9586-5F60E7103BA8}.Debug|Any CPU.Build.0 = Debug|Any CPU
		{D7E7ACF1-A325-4D71-9586-5F60E7103BA8}.Release|Any CPU.ActiveCfg = Release|Any CPU
		{D7E7ACF1-A325-4D71-9586-5F60E7103BA8}.Release|Any CPU.Build.0 = Release|Any CPU
		{3359917E-2F32-4335-A75B-CBCFE71CD3CE}.Debug|Any CPU.ActiveCfg = Debug|Any CPU
		{3359917E-2F32-4335-A75B-CBCFE71CD3CE}.Debug|Any CPU.Build.0 = Debug|Any CPU
		{3359917E-2F32-4335-A75B-CBCFE71CD3CE}.Release|Any CPU.ActiveCfg = Release|Any CPU
		{3359917E-2F32-4335-A75B-CBCFE71CD3CE}.Release|Any CPU.Build.0 = Release|Any CPU
		{07E882A2-A94C-4A7D-A8E9-23719E54D696}.Debug|Any CPU.ActiveCfg = Debug|Any CPU
		{07E882A2-A94C-4A7D-A8E9-23719E54D696}.Debug|Any CPU.Build.0 = Debug|Any CPU
		{07E882A2-A94C-4A7D-A8E9-23719E54D696}.Release|Any CPU.ActiveCfg = Release|Any CPU
		{07E882A2-A94C-4A7D-A8E9-23719E54D696}.Release|Any CPU.Build.0 = Release|Any CPU
		{054F1B7B-91AE-4C3E-B05A-367C8C4AE2D1}.Debug|Any CPU.ActiveCfg = Debug|Any CPU
		{054F1B7B-91AE-4C3E-B05A-367C8C4AE2D1}.Debug|Any CPU.Build.0 = Debug|Any CPU
		{054F1B7B-91AE-4C3E-B05A-367C8C4AE2D1}.Release|Any CPU.ActiveCfg = Release|Any CPU
		{054F1B7B-91AE-4C3E-B05A-367C8C4AE2D1}.Release|Any CPU.Build.0 = Release|Any CPU
		{47B1340B-3E24-480D-A481-3ED7752A6181}.Debug|Any CPU.ActiveCfg = Debug|Any CPU
		{47B1340B-3E24-480D-A481-3ED7752A6181}.Debug|Any CPU.Build.0 = Debug|Any CPU
		{47B1340B-3E24-480D-A481-3ED7752A6181}.Release|Any CPU.ActiveCfg = Release|Any CPU
		{47B1340B-3E24-480D-A481-3ED7752A6181}.Release|Any CPU.Build.0 = Release|Any CPU
		{DFE31BF0-B6F5-448A-A4F2-868AC89FB31B}.Debug|Any CPU.ActiveCfg = Debug|Any CPU
		{DFE31BF0-B6F5-448A-A4F2-868AC89FB31B}.Debug|Any CPU.Build.0 = Debug|Any CPU
		{DFE31BF0-B6F5-448A-A4F2-868AC89FB31B}.Release|Any CPU.ActiveCfg = Release|Any CPU
		{DFE31BF0-B6F5-448A-A4F2-868AC89FB31B}.Release|Any CPU.Build.0 = Release|Any CPU
		{39BC8666-AC29-452B-8645-610790C273C7}.Debug|Any CPU.ActiveCfg = Debug|Any CPU
		{39BC8666-AC29-452B-8645-610790C273C7}.Debug|Any CPU.Build.0 = Debug|Any CPU
		{39BC8666-AC29-452B-8645-610790C273C7}.Release|Any CPU.ActiveCfg = Release|Any CPU
		{39BC8666-AC29-452B-8645-610790C273C7}.Release|Any CPU.Build.0 = Release|Any CPU
		{EE61B867-CE16-4391-9170-1F264B4825AD}.Debug|Any CPU.ActiveCfg = Debug|Any CPU
		{EE61B867-CE16-4391-9170-1F264B4825AD}.Debug|Any CPU.Build.0 = Debug|Any CPU
		{EE61B867-CE16-4391-9170-1F264B4825AD}.Release|Any CPU.ActiveCfg = Release|Any CPU
		{EE61B867-CE16-4391-9170-1F264B4825AD}.Release|Any CPU.Build.0 = Release|Any CPU
		{E9B20E65-EED5-4509-B1F7-3545EC0F433B}.Debug|Any CPU.ActiveCfg = Debug|Any CPU
		{E9B20E65-EED5-4509-B1F7-3545EC0F433B}.Debug|Any CPU.Build.0 = Debug|Any CPU
		{E9B20E65-EED5-4509-B1F7-3545EC0F433B}.Release|Any CPU.ActiveCfg = Release|Any CPU
		{E9B20E65-EED5-4509-B1F7-3545EC0F433B}.Release|Any CPU.Build.0 = Release|Any CPU
		{8F23A2D1-D807-43DE-8923-498A80EE0963}.Debug|Any CPU.ActiveCfg = Debug|Any CPU
		{8F23A2D1-D807-43DE-8923-498A80EE0963}.Debug|Any CPU.Build.0 = Debug|Any CPU
		{8F23A2D1-D807-43DE-8923-498A80EE0963}.Release|Any CPU.ActiveCfg = Release|Any CPU
		{8F23A2D1-D807-43DE-8923-498A80EE0963}.Release|Any CPU.Build.0 = Release|Any CPU
	EndGlobalSection
	GlobalSection(NestedProjects) = preSolution
		{CFE9530C-5C34-4473-83C7-DB8E911CA852} = {C3B36990-A9B0-40A2-AA67-86D772043C22}
		{5B2D72C9-A6D5-4516-BEEB-647DA9A28A55} = {CFE9530C-5C34-4473-83C7-DB8E911CA852}
		{40A13B9E-8E83-42D2-AE02-C1CF305F4869} = {CFE9530C-5C34-4473-83C7-DB8E911CA852}
		{A22057D3-E226-4F7A-97AF-16FFF47C1DDF} = {C3B36990-A9B0-40A2-AA67-86D772043C22}
		{5E7087F1-FAFE-4B9C-87A1-BE2F994C64AA} = {A22057D3-E226-4F7A-97AF-16FFF47C1DDF}
		{BF7ED794-C9FA-4BA0-B390-07F6363B6ACB} = {C3B36990-A9B0-40A2-AA67-86D772043C22}
		{340D2DDC-8B87-49FA-9543-7010D75C64F6} = {BF7ED794-C9FA-4BA0-B390-07F6363B6ACB}
		{F846F61A-EA50-4277-98D7-55ADF5D8BE85} = {340D2DDC-8B87-49FA-9543-7010D75C64F6}
		{46B5E419-6197-42FF-B3CA-26FFC909742A} = {340D2DDC-8B87-49FA-9543-7010D75C64F6}
		{4CA8932C-3841-4CDF-B5DB-B5090B1F5DD2} = {340D2DDC-8B87-49FA-9543-7010D75C64F6}
		{85F40DC8-6883-4AD3-845A-E6E56ACAE822} = {340D2DDC-8B87-49FA-9543-7010D75C64F6}
		{134242E1-48DD-4045-83FA-4E002023C880} = {BF7ED794-C9FA-4BA0-B390-07F6363B6ACB}
		{C7E85460-C174-4B21-B565-A09A12EE851D} = {134242E1-48DD-4045-83FA-4E002023C880}
		{62175BC3-C900-42BB-84B0-2F3987B6DFA7} = {134242E1-48DD-4045-83FA-4E002023C880}
		{D7E7ACF1-A325-4D71-9586-5F60E7103BA8} = {134242E1-48DD-4045-83FA-4E002023C880}
		{3359917E-2F32-4335-A75B-CBCFE71CD3CE} = {134242E1-48DD-4045-83FA-4E002023C880}
		{68074F9E-46AE-407B-821B-032F3B18265F} = {BF7ED794-C9FA-4BA0-B390-07F6363B6ACB}
		{07E882A2-A94C-4A7D-A8E9-23719E54D696} = {68074F9E-46AE-407B-821B-032F3B18265F}
		{054F1B7B-91AE-4C3E-B05A-367C8C4AE2D1} = {68074F9E-46AE-407B-821B-032F3B18265F}
		{47B1340B-3E24-480D-A481-3ED7752A6181} = {68074F9E-46AE-407B-821B-032F3B18265F}
		{DFE31BF0-B6F5-448A-A4F2-868AC89FB31B} = {68074F9E-46AE-407B-821B-032F3B18265F}
		{2FA3451D-70D3-4728-B5C7-D7F841AAE82F} = {BF7ED794-C9FA-4BA0-B390-07F6363B6ACB}
		{39BC8666-AC29-452B-8645-610790C273C7} = {2FA3451D-70D3-4728-B5C7-D7F841AAE82F}
		{EE61B867-CE16-4391-9170-1F264B4825AD} = {2FA3451D-70D3-4728-B5C7-D7F841AAE82F}
		{E9B20E65-EED5-4509-B1F7-3545EC0F433B} = {2FA3451D-70D3-4728-B5C7-D7F841AAE82F}
		{8F23A2D1-D807-43DE-8923-498A80EE0963} = {2FA3451D-70D3-4728-B5C7-D7F841AAE82F}
	EndGlobalSection
EndGlobal
